
Microsoft Visual Studio Solution File, Format Version 12.00
# Visual Studio 14
VisualStudioVersion = 14.0.24720.0
MinimumVisualStudioVersion = 10.0.40219.1
Project("{8BC9CEB8-8B4A-11D0-8D11-00A0C91BC942}") = "tutorial02", "tutorial02\tutorial02.vcxproj", "{FB146261-C7F6-4AA7-B4DA-4E122EEDE601}"
EndProject
Project("{8BC9CEB8-8B4A-11D0-8D11-00A0C91BC942}") = "tutorial01", "tutorial01\tutorial01.vcxproj", "{50F17058-4682-4E6C-8865-09692E12814C}"
EndProject
Project("{8BC9CEB8-8B4A-11D0-8D11-00A0C91BC942}") = "tutorial03", "tutorial03\tutorial03.vcxproj", "{838DEB8F-1794-4FF6-9DFF-36C5B0C4B7C5}"
EndProject
Project("{8BC9CEB8-8B4A-11D0-8D11-00A0C91BC942}") = "tutorial04", "tutorial04\tutorial04.vcxproj", "{EAE405DD-F71B-4299-921E-F2833D730E9B}"
EndProject
Project("{8BC9CEB8-8B4A-11D0-8D11-00A0C91BC942}") = "tutorial05", "tutorial05\tutorial05.vcxproj", "{90EA1AFF-14AB-4197-8FF0-761F1BACC0E2}"
EndProject
Project("{8BC9CEB8-8B4A-11D0-8D11-00A0C91BC942}") = "tutorial06", "tutorial06\tutorial06.vcxproj", "{15AF5931-82E1-4739-B7F0-C19C0E456C05}"
EndProject
Project("{8BC9CEB8-8B4A-11D0-8D11-00A0C91BC942}") = "tutorial07", "tutorial07\tutorial07.vcxproj", "{FDA2C0BB-993C-4CEE-A05C-72FD404D4575}"
EndProject
Global
	GlobalSection(SolutionConfigurationPlatforms) = preSolution
		Debug|x64 = Debug|x64
		Debug|x86 = Debug|x86
		Release|x64 = Release|x64
		Release|x86 = Release|x86
	EndGlobalSection
	GlobalSection(ProjectConfigurationPlatforms) = postSolution
		{FB146261-C7F6-4AA7-B4DA-4E122EEDE601}.Debug|x64.ActiveCfg = Debug|x64
		{FB146261-C7F6-4AA7-B4DA-4E122EEDE601}.Debug|x64.Build.0 = Debug|x64
		{FB146261-C7F6-4AA7-B4DA-4E122EEDE601}.Debug|x86.ActiveCfg = Debug|Win32
		{FB146261-C7F6-4AA7-B4DA-4E122EEDE601}.Debug|x86.Build.0 = Debug|Win32
		{FB146261-C7F6-4AA7-B4DA-4E122EEDE601}.Release|x64.ActiveCfg = Release|x64
		{FB146261-C7F6-4AA7-B4DA-4E122EEDE601}.Release|x64.Build.0 = Release|x64
		{FB146261-C7F6-4AA7-B4DA-4E122EEDE601}.Release|x86.ActiveCfg = Release|Win32
		{FB146261-C7F6-4AA7-B4DA-4E122EEDE601}.Release|x86.Build.0 = Release|Win32
		{50F17058-4682-4E6C-8865-09692E12814C}.Debug|x64.ActiveCfg = Debug|x64
		{50F17058-4682-4E6C-8865-09692E12814C}.Debug|x64.Build.0 = Debug|x64
		{50F17058-4682-4E6C-8865-09692E12814C}.Debug|x86.ActiveCfg = Debug|Win32
		{50F17058-4682-4E6C-8865-09692E12814C}.Debug|x86.Build.0 = Debug|Win32
		{50F17058-4682-4E6C-8865-09692E12814C}.Release|x64.ActiveCfg = Release|x64
		{50F17058-4682-4E6C-8865-09692E12814C}.Release|x64.Build.0 = Release|x64
		{50F17058-4682-4E6C-8865-09692E12814C}.Release|x86.ActiveCfg = Release|Win32
		{50F17058-4682-4E6C-8865-09692E12814C}.Release|x86.Build.0 = Release|Win32
		{838DEB8F-1794-4FF6-9DFF-36C5B0C4B7C5}.Debug|x64.ActiveCfg = Debug|x64
		{838DEB8F-1794-4FF6-9DFF-36C5B0C4B7C5}.Debug|x64.Build.0 = Debug|x64
		{838DEB8F-1794-4FF6-9DFF-36C5B0C4B7C5}.Debug|x86.ActiveCfg = Debug|Win32
		{838DEB8F-1794-4FF6-9DFF-36C5B0C4B7C5}.Debug|x86.Build.0 = Debug|Win32
		{838DEB8F-1794-4FF6-9DFF-36C5B0C4B7C5}.Release|x64.ActiveCfg = Release|x64
		{838DEB8F-1794-4FF6-9DFF-36C5B0C4B7C5}.Release|x64.Build.0 = Release|x64
		{838DEB8F-1794-4FF6-9DFF-36C5B0C4B7C5}.Release|x86.ActiveCfg = Release|Win32
		{838DEB8F-1794-4FF6-9DFF-36C5B0C4B7C5}.Release|x86.Build.0 = Release|Win32
		{EAE405DD-F71B-4299-921E-F2833D730E9B}.Debug|x64.ActiveCfg = Debug|x64
		{EAE405DD-F71B-4299-921E-F2833D730E9B}.Debug|x64.Build.0 = Debug|x64
		{EAE405DD-F71B-4299-921E-F2833D730E9B}.Debug|x86.ActiveCfg = Debug|Win32
		{EAE405DD-F71B-4299-921E-F2833D730E9B}.Debug|x86.Build.0 = Debug|Win32
		{EAE405DD-F71B-4299-921E-F2833D730E9B}.Release|x64.ActiveCfg = Release|x64
		{EAE405DD-F71B-4299-921E-F2833D730E9B}.Release|x64.Build.0 = Release|x64
		{EAE405DD-F71B-4299-921E-F2833D730E9B}.Release|x86.ActiveCfg = Release|Win32
		{EAE405DD-F71B-4299-921E-F2833D730E9B}.Release|x86.Build.0 = Release|Win32
		{90EA1AFF-14AB-4197-8FF0-761F1BACC0E2}.Debug|x64.ActiveCfg = Debug|x64
		{90EA1AFF-14AB-4197-8FF0-761F1BACC0E2}.Debug|x64.Build.0 = Debug|x64
		{90EA1AFF-14AB-4197-8FF0-761F1BACC0E2}.Debug|x86.ActiveCfg = Debug|Win32
		{90EA1AFF-14AB-4197-8FF0-761F1BACC0E2}.Debug|x86.Build.0 = Debug|Win32
		{90EA1AFF-14AB-4197-8FF0-761F1BACC0E2}.Release|x64.ActiveCfg = Release|x64
		{90EA1AFF-14AB-4197-8FF0-761F1BACC0E2}.Release|x64.Build.0 = Release|x64
		{90EA1AFF-14AB-4197-8FF0-761F1BACC0E2}.Release|x86.ActiveCfg = Release|Win32
		{90EA1AFF-14AB-4197-8FF0-761F1BACC0E2}.Release|x86.Build.0 = Release|Win32
		{15AF5931-82E1-4739-B7F0-C19C0E456C05}.Debug|x64.ActiveCfg = Debug|x64
		{15AF5931-82E1-4739-B7F0-C19C0E456C05}.Debug|x64.Build.0 = Debug|x64
		{15AF5931-82E1-4739-B7F0-C19C0E456C05}.Debug|x86.ActiveCfg = Debug|Win32
		{15AF5931-82E1-4739-B7F0-C19C0E456C05}.Debug|x86.Build.0 = Debug|Win32
		{15AF5931-82E1-4739-B7F0-C19C0E456C05}.Release|x64.ActiveCfg = Release|x64
		{15AF5931-82E1-4739-B7F0-C19C0E456C05}.Release|x64.Build.0 = Release|x64
		{15AF5931-82E1-4739-B7F0-C19C0E456C05}.Release|x86.ActiveCfg = Release|Win32
		{15AF5931-82E1-4739-B7F0-C19C0E456C05}.Release|x86.Build.0 = Release|Win32
		{FDA2C0BB-993C-4CEE-A05C-72FD404D4575}.Debug|x64.ActiveCfg = Debug|x64
		{FDA2C0BB-993C-4CEE-A05C-72FD404D4575}.Debug|x64.Build.0 = Debug|x64
		{FDA2C0BB-993C-4CEE-A05C-72FD404D4575}.Debug|x86.ActiveCfg = Debug|Win32
		{FDA2C0BB-993C-4CEE-A05C-72FD404D4575}.Debug|x86.Build.0 = Debug|Win32
		{FDA2C0BB-993C-4CEE-A05C-72FD404D4575}.Release|x64.ActiveCfg = Release|x64
		{FDA2C0BB-993C-4CEE-A05C-72FD404D4575}.Release|x64.Build.0 = Release|x64
		{FDA2C0BB-993C-4CEE-A05C-72FD404D4575}.Release|x86.ActiveCfg = Release|Win32
		{FDA2C0BB-993C-4CEE-A05C-72FD404D4575}.Release|x86.Build.0 = Release|Win32
	EndGlobalSection
	GlobalSection(SolutionProperties) = preSolution
		HideSolutionNode = FALSE
	EndGlobalSection
EndGlobal
